
Microsoft Visual Studio Solution File, Format Version 12.00
Project("{FAE04EC0-301F-11D3-BF4B-00C04F79EFBC}") = "FiniteFieldsLib", "FiniteFieldsLib\FiniteFieldsLib.csproj", "{E3D14E7D-8318-4535-8821-0FA9CB36240D}"
EndProject
Project("{FAE04EC0-301F-11D3-BF4B-00C04F79EFBC}") = "TestApp", "TestApp\TestApp.csproj", "{253D4798-565A-40D2-B607-6E1BBF6FAC53}"
EndProject
Global
	GlobalSection(SolutionConfigurationPlatforms) = preSolution
		Debug|Any CPU = Debug|Any CPU
		Release|Any CPU = Release|Any CPU
	EndGlobalSection
	GlobalSection(ProjectConfigurationPlatforms) = postSolution
		{E3D14E7D-8318-4535-8821-0FA9CB36240D}.Debug|Any CPU.ActiveCfg = Debug|Any CPU
		{E3D14E7D-8318-4535-8821-0FA9CB36240D}.Debug|Any CPU.Build.0 = Debug|Any CPU
		{E3D14E7D-8318-4535-8821-0FA9CB36240D}.Release|Any CPU.ActiveCfg = Release|Any CPU
		{E3D14E7D-8318-4535-8821-0FA9CB36240D}.Release|Any CPU.Build.0 = Release|Any CPU
		{253D4798-565A-40D2-B607-6E1BBF6FAC53}.Debug|Any CPU.ActiveCfg = Debug|Any CPU
		{253D4798-565A-40D2-B607-6E1BBF6FAC53}.Debug|Any CPU.Build.0 = Debug|Any CPU
		{253D4798-565A-40D2-B607-6E1BBF6FAC53}.Release|Any CPU.ActiveCfg = Release|Any CPU
		{253D4798-565A-40D2-B607-6E1BBF6FAC53}.Release|Any CPU.Build.0 = Release|Any CPU
	EndGlobalSection
EndGlobal
